// !$*UTF8*$!
{
	archiveVersion = 1;
	classes = {
	};
	objectVersion = 50;
	objects = {

/* Begin PBXBuildFile section */
		5C30A8CF2504BB0B00360BBF /* AppDelegate.swift in Sources */ = {isa = PBXBuildFile; fileRef = 5C30A8CE2504BB0B00360BBF /* AppDelegate.swift */; };
		5C30A8D12504BB0B00360BBF /* SceneDelegate.swift in Sources */ = {isa = PBXBuildFile; fileRef = 5C30A8D02504BB0B00360BBF /* SceneDelegate.swift */; };
		5C30A8D32504BB0B00360BBF /* ContentView.swift in Sources */ = {isa = PBXBuildFile; fileRef = 5C30A8D22504BB0B00360BBF /* ContentView.swift */; };
		5C30A8D52504BB0C00360BBF /* Assets.xcassets in Resources */ = {isa = PBXBuildFile; fileRef = 5C30A8D42504BB0C00360BBF /* Assets.xcassets */; };
		5C30A8D82504BB0C00360BBF /* Preview Assets.xcassets in Resources */ = {isa = PBXBuildFile; fileRef = 5C30A8D72504BB0C00360BBF /* Preview Assets.xcassets */; };
		5C30A8DB2504BB0C00360BBF /* LaunchScreen.storyboard in Resources */ = {isa = PBXBuildFile; fileRef = 5C30A8D92504BB0C00360BBF /* LaunchScreen.storyboard */; };
		5C30A8E62504BB0C00360BBF /* LoginSwifUITests.swift in Sources */ = {isa = PBXBuildFile; fileRef = 5C30A8E52504BB0C00360BBF /* LoginSwifUITests.swift */; };
		5C30A8F12504BB0C00360BBF /* LoginSwifUIUITests.swift in Sources */ = {isa = PBXBuildFile; fileRef = 5C30A8F02504BB0C00360BBF /* LoginSwifUIUITests.swift */; };
/* End PBXBuildFile section */

/* Begin PBXContainerItemProxy section */
		5C30A8E22504BB0C00360BBF /* PBXContainerItemProxy */ = {
			isa = PBXContainerItemProxy;
			containerPortal = 5C30A8C32504BB0B00360BBF /* Project object */;
			proxyType = 1;
			remoteGlobalIDString = 5C30A8CA2504BB0B00360BBF;
			remoteInfo = LoginSwifUI;
		};
		5C30A8ED2504BB0C00360BBF /* PBXContainerItemProxy */ = {
			isa = PBXContainerItemProxy;
			containerPortal = 5C30A8C32504BB0B00360BBF /* Project object */;
			proxyType = 1;
			remoteGlobalIDString = 5C30A8CA2504BB0B00360BBF;
			remoteInfo = LoginSwifUI;
		};
/* End PBXContainerItemProxy section */

/* Begin PBXFileReference section */
		5C30A8CB2504BB0B00360BBF /* LoginSwifUI.app */ = {isa = PBXFileReference; explicitFileType = wrapper.application; includeInIndex = 0; path = LoginSwifUI.app; sourceTree = BUILT_PRODUCTS_DIR; };
		5C30A8CE2504BB0B00360BBF /* AppDelegate.swift */ = {isa = PBXFileReference; lastKnownFileType = sourcecode.swift; path = AppDelegate.swift; sourceTree = "<group>"; };
		5C30A8D02504BB0B00360BBF /* SceneDelegate.swift */ = {isa = PBXFileReference; lastKnownFileType = sourcecode.swift; path = SceneDelegate.swift; sourceTree = "<group>"; };
		5C30A8D22504BB0B00360BBF /* ContentView.swift */ = {isa = PBXFileReference; lastKnownFileType = sourcecode.swift; path = ContentView.swift; sourceTree = "<group>"; };
		5C30A8D42504BB0C00360BBF /* Assets.xcassets */ = {isa = PBXFileReference; lastKnownFileType = folder.assetcatalog; path = Assets.xcassets; sourceTree = "<group>"; };
		5C30A8D72504BB0C00360BBF /* Preview Assets.xcassets */ = {isa = PBXFileReference; lastKnownFileType = folder.assetcatalog; path = "Preview Assets.xcassets"; sourceTree = "<group>"; };
		5C30A8DA2504BB0C00360BBF /* Base */ = {isa = PBXFileReference; lastKnownFileType = file.storyboard; name = Base; path = Base.lproj/LaunchScreen.storyboard; sourceTree = "<group>"; };
		5C30A8DC2504BB0C00360BBF /* Info.plist */ = {isa = PBXFileReference; lastKnownFileType = text.plist.xml; path = Info.plist; sourceTree = "<group>"; };
		5C30A8E12504BB0C00360BBF /* LoginSwifUITests.xctest */ = {isa = PBXFileReference; explicitFileType = wrapper.cfbundle; includeInIndex = 0; path = LoginSwifUITests.xctest; sourceTree = BUILT_PRODUCTS_DIR; };
		5C30A8E52504BB0C00360BBF /* LoginSwifUITests.swift */ = {isa = PBXFileReference; lastKnownFileType = sourcecode.swift; path = LoginSwifUITests.swift; sourceTree = "<group>"; };
		5C30A8E72504BB0C00360BBF /* Info.plist */ = {isa = PBXFileReference; lastKnownFileType = text.plist.xml; path = Info.plist; sourceTree = "<group>"; };
		5C30A8EC2504BB0C00360BBF /* LoginSwifUIUITests.xctest */ = {isa = PBXFileReference; explicitFileType = wrapper.cfbundle; includeInIndex = 0; path = LoginSwifUIUITests.xctest; sourceTree = BUILT_PRODUCTS_DIR; };
		5C30A8F02504BB0C00360BBF /* LoginSwifUIUITests.swift */ = {isa = PBXFileReference; lastKnownFileType = sourcecode.swift; path = LoginSwifUIUITests.swift; sourceTree = "<group>"; };
		5C30A8F22504BB0C00360BBF /* Info.plist */ = {isa = PBXFileReference; lastKnownFileType = text.plist.xml; path = Info.plist; sourceTree = "<group>"; };
/* End PBXFileReference section */

/* Begin PBXFrameworksBuildPhase section */
		5C30A8C82504BB0B00360BBF /* Frameworks */ = {
			isa = PBXFrameworksBuildPhase;
			buildActionMask = 2147483647;
			files = (
			);
			runOnlyForDeploymentPostprocessing = 0;
		};
		5C30A8DE2504BB0C00360BBF /* Frameworks */ = {
			isa = PBXFrameworksBuildPhase;
			buildActionMask = 2147483647;
			files = (
			);
			runOnlyForDeploymentPostprocessing = 0;
		};
		5C30A8E92504BB0C00360BBF /* Frameworks */ = {
			isa = PBXFrameworksBuildPhase;
			buildActionMask = 2147483647;
			files = (
			);
			runOnlyForDeploymentPostprocessing = 0;
		};
/* End PBXFrameworksBuildPhase section */

/* Begin PBXGroup section */
		5C30A8C22504BB0B00360BBF = {
			isa = PBXGroup;
			children = (
				5C30A8CD2504BB0B00360BBF /* LoginSwifUI */,
				5C30A8E42504BB0C00360BBF /* LoginSwifUITests */,
				5C30A8EF2504BB0C00360BBF /* LoginSwifUIUITests */,
				5C30A8CC2504BB0B00360BBF /* Products */,
			);
			sourceTree = "<group>";
		};
		5C30A8CC2504BB0B00360BBF /* Products */ = {
			isa = PBXGroup;
			children = (
				5C30A8CB2504BB0B00360BBF /* LoginSwifUI.app */,
				5C30A8E12504BB0C00360BBF /* LoginSwifUITests.xctest */,
				5C30A8EC2504BB0C00360BBF /* LoginSwifUIUITests.xctest */,
			);
			name = Products;
			sourceTree = "<group>";
		};
		5C30A8CD2504BB0B00360BBF /* LoginSwifUI */ = {
			isa = PBXGroup;
			children = (
				5C30A8CE2504BB0B00360BBF /* AppDelegate.swift */,
				5C30A8D02504BB0B00360BBF /* SceneDelegate.swift */,
				5C30A8D22504BB0B00360BBF /* ContentView.swift */,
				5C30A8D42504BB0C00360BBF /* Assets.xcassets */,
				5C30A8D92504BB0C00360BBF /* LaunchScreen.storyboard */,
				5C30A8DC2504BB0C00360BBF /* Info.plist */,
				5C30A8D62504BB0C00360BBF /* Preview Content */,
			);
			path = LoginSwifUI;
			sourceTree = "<group>";
		};
		5C30A8D62504BB0C00360BBF /* Preview Content */ = {
			isa = PBXGroup;
			children = (
				5C30A8D72504BB0C00360BBF /* Preview Assets.xcassets */,
			);
			path = "Preview Content";
			sourceTree = "<group>";
		};
		5C30A8E42504BB0C00360BBF /* LoginSwifUITests */ = {
			isa = PBXGroup;
			children = (
				5C30A8E52504BB0C00360BBF /* LoginSwifUITests.swift */,
				5C30A8E72504BB0C00360BBF /* Info.plist */,
			);
			path = LoginSwifUITests;
			sourceTree = "<group>";
		};
		5C30A8EF2504BB0C00360BBF /* LoginSwifUIUITests */ = {
			isa = PBXGroup;
			children = (
				5C30A8F02504BB0C00360BBF /* LoginSwifUIUITests.swift */,
				5C30A8F22504BB0C00360BBF /* Info.plist */,
			);
			path = LoginSwifUIUITests;
			sourceTree = "<group>";
		};
/* End PBXGroup section */

/* Begin PBXNativeTarget section */
		5C30A8CA2504BB0B00360BBF /* LoginSwifUI */ = {
			isa = PBXNativeTarget;
			buildConfigurationList = 5C30A8F52504BB0C00360BBF /* Build configuration list for PBXNativeTarget "LoginSwifUI" */;
			buildPhases = (
				5C30A8C72504BB0B00360BBF /* Sources */,
				5C30A8C82504BB0B00360BBF /* Frameworks */,
				5C30A8C92504BB0B00360BBF /* Resources */,
			);
			buildRules = (
			);
			dependencies = (
			);
			name = LoginSwifUI;
			productName = LoginSwifUI;
			productReference = 5C30A8CB2504BB0B00360BBF /* LoginSwifUI.app */;
			productType = "com.apple.product-type.application";
		};
		5C30A8E02504BB0C00360BBF /* LoginSwifUITests */ = {
			isa = PBXNativeTarget;
			buildConfigurationList = 5C30A8F82504BB0C00360BBF /* Build configuration list for PBXNativeTarget "LoginSwifUITests" */;
			buildPhases = (
				5C30A8DD2504BB0C00360BBF /* Sources */,
				5C30A8DE2504BB0C00360BBF /* Frameworks */,
				5C30A8DF2504BB0C00360BBF /* Resources */,
			);
			buildRules = (
			);
			dependencies = (
				5C30A8E32504BB0C00360BBF /* PBXTargetDependency */,
			);
			name = LoginSwifUITests;
			productName = LoginSwifUITests;
			productReference = 5C30A8E12504BB0C00360BBF /* LoginSwifUITests.xctest */;
			productType = "com.apple.product-type.bundle.unit-test";
		};
		5C30A8EB2504BB0C00360BBF /* LoginSwifUIUITests */ = {
			isa = PBXNativeTarget;
			buildConfigurationList = 5C30A8FB2504BB0C00360BBF /* Build configuration list for PBXNativeTarget "LoginSwifUIUITests" */;
			buildPhases = (
				5C30A8E82504BB0C00360BBF /* Sources */,
				5C30A8E92504BB0C00360BBF /* Frameworks */,
				5C30A8EA2504BB0C00360BBF /* Resources */,
			);
			buildRules = (
			);
			dependencies = (
				5C30A8EE2504BB0C00360BBF /* PBXTargetDependency */,
			);
			name = LoginSwifUIUITests;
			productName = LoginSwifUIUITests;
			productReference = 5C30A8EC2504BB0C00360BBF /* LoginSwifUIUITests.xctest */;
			productType = "com.apple.product-type.bundle.ui-testing";
		};
/* End PBXNativeTarget section */

/* Begin PBXProject section */
		5C30A8C32504BB0B00360BBF /* Project object */ = {
			isa = PBXProject;
			attributes = {
				LastSwiftUpdateCheck = 1150;
				LastUpgradeCheck = 1150;
				ORGANIZATIONNAME = "Shreyas Vilaschandra Bhike";
				TargetAttributes = {
					5C30A8CA2504BB0B00360BBF = {
						CreatedOnToolsVersion = 11.5;
					};
					5C30A8E02504BB0C00360BBF = {
						CreatedOnToolsVersion = 11.5;
						TestTargetID = 5C30A8CA2504BB0B00360BBF;
					};
					5C30A8EB2504BB0C00360BBF = {
						CreatedOnToolsVersion = 11.5;
						TestTargetID = 5C30A8CA2504BB0B00360BBF;
					};
				};
			};
			buildConfigurationList = 5C30A8C62504BB0B00360BBF /* Build configuration list for PBXProject "LoginSwifUI" */;
			compatibilityVersion = "Xcode 9.3";
			developmentRegion = en;
			hasScannedForEncodings = 0;
			knownRegions = (
				en,
				Base,
			);
			mainGroup = 5C30A8C22504BB0B00360BBF;
			productRefGroup = 5C30A8CC2504BB0B00360BBF /* Products */;
			projectDirPath = "";
			projectRoot = "";
			targets = (
				5C30A8CA2504BB0B00360BBF /* LoginSwifUI */,
				5C30A8E02504BB0C00360BBF /* LoginSwifUITests */,
				5C30A8EB2504BB0C00360BBF /* LoginSwifUIUITests */,
			);
		};
/* End PBXProject section */

/* Begin PBXResourcesBuildPhase section */
		5C30A8C92504BB0B00360BBF /* Resources */ = {
			isa = PBXResourcesBuildPhase;
			buildActionMask = 2147483647;
			files = (
				5C30A8DB2504BB0C00360BBF /* LaunchScreen.storyboard in Resources */,
				5C30A8D82504BB0C00360BBF /* Preview Assets.xcassets in Resources */,
				5C30A8D52504BB0C00360BBF /* Assets.xcassets in Resources */,
			);
			runOnlyForDeploymentPostprocessing = 0;
		};
		5C30A8DF2504BB0C00360BBF /* Resources */ = {
			isa = PBXResourcesBuildPhase;
			buildActionMask = 2147483647;
			files = (
			);
			runOnlyForDeploymentPostprocessing = 0;
		};
		5C30A8EA2504BB0C00360BBF /* Resources */ = {
			isa = PBXResourcesBuildPhase;
			buildActionMask = 2147483647;
			files = (
			);
			runOnlyForDeploymentPostprocessing = 0;
		};
/* End PBXResourcesBuildPhase section */

/* Begin PBXSourcesBuildPhase section */
		5C30A8C72504BB0B00360BBF /* Sources */ = {
			isa = PBXSourcesBuildPhase;
			buildActionMask = 2147483647;
			files = (
				5C30A8CF2504BB0B00360BBF /* AppDelegate.swift in Sources */,
				5C30A8D12504BB0B00360BBF /* SceneDelegate.swift in Sources */,
				5C30A8D32504BB0B00360BBF /* ContentView.swift in Sources */,
			);
			runOnlyForDeploymentPostprocessing = 0;
		};
		5C30A8DD2504BB0C00360BBF /* Sources */ = {
			isa = PBXSourcesBuildPhase;
			buildActionMask = 2147483647;
			files = (
				5C30A8E62504BB0C00360BBF /* LoginSwifUITests.swift in Sources */,
			);
			runOnlyForDeploymentPostprocessing = 0;
		};
		5C30A8E82504BB0C00360BBF /* Sources */ = {
			isa = PBXSourcesBuildPhase;
			buildActionMask = 2147483647;
			files = (
				5C30A8F12504BB0C00360BBF /* LoginSwifUIUITests.swift in Sources */,
			);
			runOnlyForDeploymentPostprocessing = 0;
		};
/* End PBXSourcesBuildPhase section */

/* Begin PBXTargetDependency section */
		5C30A8E32504BB0C00360BBF /* PBXTargetDependency */ = {
			isa = PBXTargetDependency;
			target = 5C30A8CA2504BB0B00360BBF /* LoginSwifUI */;
			targetProxy = 5C30A8E22504BB0C00360BBF /* PBXContainerItemProxy */;
		};
		5C30A8EE2504BB0C00360BBF /* PBXTargetDependency */ = {
			isa = PBXTargetDependency;
			target = 5C30A8CA2504BB0B00360BBF /* LoginSwifUI */;
			targetProxy = 5C30A8ED2504BB0C00360BBF /* PBXContainerItemProxy */;
		};
/* End PBXTargetDependency section */

/* Begin PBXVariantGroup section */
		5C30A8D92504BB0C00360BBF /* LaunchScreen.storyboard */ = {
			isa = PBXVariantGroup;
			children = (
				5C30A8DA2504BB0C00360BBF /* Base */,
			);
			name = LaunchScreen.storyboard;
			sourceTree = "<group>";
		};
/* End PBXVariantGroup section */

/* Begin XCBuildConfiguration section */
		5C30A8F32504BB0C00360BBF /* Debug */ = {
			isa = XCBuildConfiguration;
			buildSettings = {
				ALWAYS_SEARCH_USER_PATHS = NO;
				CLANG_ANALYZER_NONNULL = YES;
				CLANG_ANALYZER_NUMBER_OBJECT_CONVERSION = YES_AGGRESSIVE;
				CLANG_CXX_LANGUAGE_STANDARD = "gnu++14";
				CLANG_CXX_LIBRARY = "libc++";
				CLANG_ENABLE_MODULES = YES;
				CLANG_ENABLE_OBJC_ARC = YES;
				CLANG_ENABLE_OBJC_WEAK = YES;
				CLANG_WARN_BLOCK_CAPTURE_AUTORELEASING = YES;
				CLANG_WARN_BOOL_CONVERSION = YES;
				CLANG_WARN_COMMA = YES;
				CLANG_WARN_CONSTANT_CONVERSION = YES;
				CLANG_WARN_DEPRECATED_OBJC_IMPLEMENTATIONS = YES;
				CLANG_WARN_DIRECT_OBJC_ISA_USAGE = YES_ERROR;
				CLANG_WARN_DOCUMENTATION_COMMENTS = YES;
				CLANG_WARN_EMPTY_BODY = YES;
				CLANG_WARN_ENUM_CONVERSION = YES;
				CLANG_WARN_INFINITE_RECURSION = YES;
				CLANG_WARN_INT_CONVERSION = YES;
				CLANG_WARN_NON_LITERAL_NULL_CONVERSION = YES;
				CLANG_WARN_OBJC_IMPLICIT_RETAIN_SELF = YES;
				CLANG_WARN_OBJC_LITERAL_CONVERSION = YES;
				CLANG_WARN_OBJC_ROOT_CLASS = YES_ERROR;
				CLANG_WARN_RANGE_LOOP_ANALYSIS = YES;
				CLANG_WARN_STRICT_PROTOTYPES = YES;
				CLANG_WARN_SUSPICIOUS_MOVE = YES;
				CLANG_WARN_UNGUARDED_AVAILABILITY = YES_AGGRESSIVE;
				CLANG_WARN_UNREACHABLE_CODE = YES;
				CLANG_WARN__DUPLICATE_METHOD_MATCH = YES;
				COPY_PHASE_STRIP = NO;
				DEBUG_INFORMATION_FORMAT = dwarf;
				ENABLE_STRICT_OBJC_MSGSEND = YES;
				ENABLE_TESTABILITY = YES;
				GCC_C_LANGUAGE_STANDARD = gnu11;
				GCC_DYNAMIC_NO_PIC = NO;
				GCC_NO_COMMON_BLOCKS = YES;
				GCC_OPTIMIZATION_LEVEL = 0;
				GCC_PREPROCESSOR_DEFINITIONS = (
					"DEBUG=1",
					"$(inherited)",
				);
				GCC_WARN_64_TO_32_BIT_CONVERSION = YES;
				GCC_WARN_ABOUT_RETURN_TYPE = YES_ERROR;
				GCC_WARN_UNDECLARED_SELECTOR = YES;
				GCC_WARN_UNINITIALIZED_AUTOS = YES_AGGRESSIVE;
				GCC_WARN_UNUSED_FUNCTION = YES;
				GCC_WARN_UNUSED_VARIABLE = YES;
				IPHONEOS_DEPLOYMENT_TARGET = 13.5;
				MTL_ENABLE_DEBUG_INFO = INCLUDE_SOURCE;
				MTL_FAST_MATH = YES;
				ONLY_ACTIVE_ARCH = YES;
				SDKROOT = iphoneos;
				SWIFT_ACTIVE_COMPILATION_CONDITIONS = DEBUG;
				SWIFT_OPTIMIZATION_LEVEL = "-Onone";
			};
			name = Debug;
		};
		5C30A8F42504BB0C00360BBF /* Release */ = {
			isa = XCBuildConfiguration;
			buildSettings = {
				ALWAYS_SEARCH_USER_PATHS = NO;
				CLANG_ANALYZER_NONNULL = YES;
				CLANG_ANALYZER_NUMBER_OBJECT_CONVERSION = YES_AGGRESSIVE;
				CLANG_CXX_LANGUAGE_STANDARD = "gnu++14";
				CLANG_CXX_LIBRARY = "libc++";
				CLANG_ENABLE_MODULES = YES;
				CLANG_ENABLE_OBJC_ARC = YES;
				CLANG_ENABLE_OBJC_WEAK = YES;
				CLANG_WARN_BLOCK_CAPTURE_AUTORELEASING = YES;
				CLANG_WARN_BOOL_CONVERSION = YES;
				CLANG_WARN_COMMA = YES;
				CLANG_WARN_CONSTANT_CONVERSION = YES;
				CLANG_WARN_DEPRECATED_OBJC_IMPLEMENTATIONS = YES;
				CLANG_WARN_DIRECT_OBJC_ISA_USAGE = YES_ERROR;
				CLANG_WARN_DOCUMENTATION_COMMENTS = YES;
				CLANG_WARN_EMPTY_BODY = YES;
				CLANG_WARN_ENUM_CONVERSION = YES;
				CLANG_WARN_INFINITE_RECURSION = YES;
				CLANG_WARN_INT_CONVERSION = YES;
				CLANG_WARN_NON_LITERAL_NULL_CONVERSION = YES;
				CLANG_WARN_OBJC_IMPLICIT_RETAIN_SELF = YES;
				CLANG_WARN_OBJC_LITERAL_CONVERSION = YES;
				CLANG_WARN_OBJC_ROOT_CLASS = YES_ERROR;
				CLANG_WARN_RANGE_LOOP_ANALYSIS = YES;
				CLANG_WARN_STRICT_PROTOTYPES = YES;
				CLANG_WARN_SUSPICIOUS_MOVE = YES;
				CLANG_WARN_UNGUARDED_AVAILABILITY = YES_AGGRESSIVE;
				CLANG_WARN_UNREACHABLE_CODE = YES;
				CLANG_WARN__DUPLICATE_METHOD_MATCH = YES;
				COPY_PHASE_STRIP = NO;
				DEBUG_INFORMATION_FORMAT = "dwarf-with-dsym";
				ENABLE_NS_ASSERTIONS = NO;
				ENABLE_STRICT_OBJC_MSGSEND = YES;
				GCC_C_LANGUAGE_STANDARD = gnu11;
				GCC_NO_COMMON_BLOCKS = YES;
				GCC_WARN_64_TO_32_BIT_CONVERSION = YES;
				GCC_WARN_ABOUT_RETURN_TYPE = YES_ERROR;
				GCC_WARN_UNDECLARED_SELECTOR = YES;
				GCC_WARN_UNINITIALIZED_AUTOS = YES_AGGRESSIVE;
				GCC_WARN_UNUSED_FUNCTION = YES;
				GCC_WARN_UNUSED_VARIABLE = YES;
				IPHONEOS_DEPLOYMENT_TARGET = 13.5;
				MTL_ENABLE_DEBUG_INFO = NO;
				MTL_FAST_MATH = YES;
				SDKROOT = iphoneos;
				SWIFT_COMPILATION_MODE = wholemodule;
				SWIFT_OPTIMIZATION_LEVEL = "-O";
				VALIDATE_PRODUCT = YES;
			};
			name = Release;
		};
		5C30A8F62504BB0C00360BBF /* Debug */ = {
			isa = XCBuildConfiguration;
			buildSettings = {
				ASSETCATALOG_COMPILER_APPICON_NAME = AppIcon;
				CODE_SIGN_STYLE = Automatic;
				DEVELOPMENT_ASSET_PATHS = "\"LoginSwifUI/Preview Content\"";
				ENABLE_PREVIEWS = YES;
				INFOPLIST_FILE = LoginSwifUI/Info.plist;
				LD_RUNPATH_SEARCH_PATHS = (
					"$(inherited)",
					"@executable_path/Frameworks",
				);
				PRODUCT_BUNDLE_IDENTIFIER = com.shreyasvilaschandrabhike.LoginSwifUI;
				PRODUCT_NAME = "$(TARGET_NAME)";
				SWIFT_VERSION = 5.0;
				TARGETED_DEVICE_FAMILY = "1,2";
			};
			name = Debug;
		};
		5C30A8F72504BB0C00360BBF /* Release */ = {
			isa = XCBuildConfiguration;
			buildSettings = {
				ASSETCATALOG_COMPILER_APPICON_NAME = AppIcon;
				CODE_SIGN_STYLE = Automatic;
				DEVELOPMENT_ASSET_PATHS = "\"LoginSwifUI/Preview Content\"";
				ENABLE_PREVIEWS = YES;
				INFOPLIST_FILE = LoginSwifUI/Info.plist;
				LD_RUNPATH_SEARCH_PATHS = (
					"$(inherited)",
					"@executable_path/Frameworks",
				);
				PRODUCT_BUNDLE_IDENTIFIER = com.shreyasvilaschandrabhike.LoginSwifUI;
				PRODUCT_NAME = "$(TARGET_NAME)";
				SWIFT_VERSION = 5.0;
				TARGETED_DEVICE_FAMILY = "1,2";
			};
			name = Release;
		};
		5C30A8F92504BB0C00360BBF /* Debug */ = {
			isa = XCBuildConfiguration;
			buildSettings = {
				ALWAYS_EMBED_SWIFT_STANDARD_LIBRARIES = YES;
				BUNDLE_LOADER = "$(TEST_HOST)";
				CODE_SIGN_STYLE = Automatic;
				INFOPLIST_FILE = LoginSwifUITests/Info.plist;
				IPHONEOS_DEPLOYMENT_TARGET = 13.5;
				LD_RUNPATH_SEARCH_PATHS = (
					"$(inherited)",
					"@executable_path/Frameworks",
					"@loader_path/Frameworks",
				);
				PRODUCT_BUNDLE_IDENTIFIER = com.shreyasvilaschandrabhike.LoginSwifUITests;
				PRODUCT_NAME = "$(TARGET_NAME)";
				SWIFT_VERSION = 5.0;
				TARGETED_DEVICE_FAMILY = "1,2";
				TEST_HOST = "$(BUILT_PRODUCTS_DIR)/LoginSwifUI.app/LoginSwifUI";
			};
			name = Debug;
		};
		5C30A8FA2504BB0C00360BBF /* Release */ = {
			isa = XCBuildConfiguration;
			buildSettings = {
				ALWAYS_EMBED_SWIFT_STANDARD_LIBRARIES = YES;
				BUNDLE_LOADER = "$(TEST_HOST)";
				CODE_SIGN_STYLE = Automatic;
				INFOPLIST_FILE = LoginSwifUITests/Info.plist;
				IPHONEOS_DEPLOYMENT_TARGET = 13.5;
				LD_RUNPATH_SEARCH_PATHS = (
					"$(inherited)",
					"@executable_path/Frameworks",
					"@loader_path/Frameworks",
				);
				PRODUCT_BUNDLE_IDENTIFIER = com.shreyasvilaschandrabhike.LoginSwifUITests;
				PRODUCT_NAME = "$(TARGET_NAME)";
				SWIFT_VERSION = 5.0;
				TARGETED_DEVICE_FAMILY = "1,2";
				TEST_HOST = "$(BUILT_PRODUCTS_DIR)/LoginSwifUI.app/LoginSwifUI";
			};
			name = Release;
		};
		5C30A8FC2504BB0C00360BBF /* Debug */ = {
			isa = XCBuildConfiguration;
			buildSettings = {
				ALWAYS_EMBED_SWIFT_STANDARD_LIBRARIES = YES;
				CODE_SIGN_STYLE = Automatic;
				INFOPLIST_FILE = LoginSwifUIUITests/Info.plist;
				LD_RUNPATH_SEARCH_PATHS = (
					"$(inherited)",
					"@executable_path/Frameworks",
					"@loader_path/Frameworks",
				);
				PRODUCT_BUNDLE_IDENTIFIER = com.shreyasvilaschandrabhike.LoginSwifUIUITests;
				PRODUCT_NAME = "$(TARGET_NAME)";
				SWIFT_VERSION = 5.0;
				TARGETED_DEVICE_FAMILY = "1,2";
				TEST_TARGET_NAME = LoginSwifUI;
			};
			name = Debug;
		};
		5C30A8FD2504BB0C00360BBF /* Release */ = {
			isa = XCBuildConfiguration;
			buildSettings = {
				ALWAYS_EMBED_SWIFT_STANDARD_LIBRARIES = YES;
				CODE_SIGN_STYLE = Automatic;
				INFOPLIST_FILE = LoginSwifUIUITests/Info.plist;
				LD_RUNPATH_SEARCH_PATHS = (
					"$(inherited)",
					"@executable_path/Frameworks",
					"@loader_path/Frameworks",
				);
				PRODUCT_BUNDLE_IDENTIFIER = com.shreyasvilaschandrabhike.LoginSwifUIUITests;
				PRODUCT_NAME = "$(TARGET_NAME)";
				SWIFT_VERSION = 5.0;
				TARGETED_DEVICE_FAMILY = "1,2";
				TEST_TARGET_NAME = LoginSwifUI;
			};
			name = Release;
		};
/* End XCBuildConfiguration section */

/* Begin XCConfigurationList section */
		5C30A8C62504BB0B00360BBF /* Build configuration list for PBXProject "LoginSwifUI" */ = {
			isa = XCConfigurationList;
			buildConfigurations = (
				5C30A8F32504BB0C00360BBF /* Debug */,
				5C30A8F42504BB0C00360BBF /* Release */,
			);
			defaultConfigurationIsVisible = 0;
			defaultConfigurationName = Release;
		};
		5C30A8F52504BB0C00360BBF /* Build configuration list for PBXNativeTarget "LoginSwifUI" */ = {
			isa = XCConfigurationList;
			buildConfigurations = (
				5C30A8F62504BB0C00360BBF /* Debug */,
				5C30A8F72504BB0C00360BBF /* Release */,
			);
			defaultConfigurationIsVisible = 0;
			defaultConfigurationName = Release;
		};
		5C30A8F82504BB0C00360BBF /* Build configuration list for PBXNativeTarget "LoginSwifUITests" */ = {
			isa = XCConfigurationList;
			buildConfigurations = (
				5C30A8F92504BB0C00360BBF /* Debug */,
				5C30A8FA2504BB0C00360BBF /* Release */,
			);
			defaultConfigurationIsVisible = 0;
			defaultConfigurationName = Release;
		};
		5C30A8FB2504BB0C00360BBF /* Build configuration list for PBXNativeTarget "LoginSwifUIUITests" */ = {
			isa = XCConfigurationList;
			buildConfigurations = (
				5C30A8FC2504BB0C00360BBF /* Debug */,
				5C30A8FD2504BB0C00360BBF /* Release */,
			);
			defaultConfigurationIsVisible = 0;
			defaultConfigurationName = Release;
		};
/* End XCConfigurationList section */
	};
	rootObject = 5C30A8C32504BB0B00360BBF /* Project object */;
}
